
Microsoft Visual Studio Solution File, Format Version 12.00
# Visual Studio Version 17
VisualStudioVersion = 17.8.34525.116
MinimumVisualStudioVersion = 10.0.40219.1
Project("{FAE04EC0-301F-11D3-BF4B-00C04F79EFBC}") = "GenericsConstraints", "GenericsConstraints\GenericsConstraints.csproj", "{AFB0FFB1-7AC2-40A3-9388-5063AA3E9451}"
EndProject
Global
	GlobalSection(SolutionConfigurationPlatforms) = preSolution
		Debug|Any CPU = Debug|Any CPU
		Release|Any CPU = Release|Any CPU
	EndGlobalSection
	GlobalSection(ProjectConfigurationPlatforms) = postSolution
		{AFB0FFB1-7AC2-40A3-9388-5063AA3E9451}.Debug|Any CPU.ActiveCfg = Debug|Any CPU
		{AFB0FFB1-7AC2-40A3-9388-5063AA3E9451}.Debug|Any CPU.Build.0 = Debug|Any CPU
		{AFB0FFB1-7AC2-40A3-9388-5063AA3E9451}.Release|Any CPU.ActiveCfg = Release|Any CPU
		{AFB0FFB1-7AC2-40A3-9388-5063AA3E9451}.Release|Any CPU.Build.0 = Release|Any CPU
	EndGlobalSection
	GlobalSection(SolutionProperties) = preSolution
		HideSolutionNode = FALSE
	EndGlobalSection
	GlobalSection(ExtensibilityGlobals) = postSolution
		SolutionGuid = {34BDDB0A-5DB9-4296-AD98-A7770CDF31CC}
	EndGlobalSection
EndGlobal
